
Microsoft Visual Studio Solution File, Format Version 12.00
# Visual Studio 15
VisualStudioVersion = 15.0.28307.271
MinimumVisualStudioVersion = 10.0.40219.1
Project("{FAE04EC0-301F-11D3-BF4B-00C04F79EFBC}") = "SALES.Android", "SALES\SALES.Android\SALES.Android.csproj", "{08AACA7A-62F4-49A7-93AD-2225558C74B7}"
EndProject
Project("{FAE04EC0-301F-11D3-BF4B-00C04F79EFBC}") = "SALES.iOS", "SALES\SALES.iOS\SALES.iOS.csproj", "{653CB1B6-132D-4C0C-8370-05D639A14CEC}"
EndProject
Project("{FAE04EC0-301F-11D3-BF4B-00C04F79EFBC}") = "SALES.UWP", "SALES\SALES.UWP\SALES.UWP.csproj", "{5D3A4412-9294-4A8C-BDDC-40A55365AABC}"
EndProject
Project("{9A19103F-16F7-4668-BE54-9A1E7A4F7556}") = "SALES", "SALES\SALES\SALES.csproj", "{6E2F720F-D5D0-4D83-BF2B-7E5417B2D7A0}"
EndProject
Project("{FAE04EC0-301F-11D3-BF4B-00C04F79EFBC}") = "SALES.backend", "Sales.backend\SALES.backend.csproj", "{204520E5-E559-4112-A5CC-6986E7926BF3}"
EndProject
Project("{FAE04EC0-301F-11D3-BF4B-00C04F79EFBC}") = "SALES.API", "SALES.API\SALES.API.csproj", "{10482557-D536-4440-A482-56C02111B8AD}"
EndProject
Project("{FAE04EC0-301F-11D3-BF4B-00C04F79EFBC}") = "SALES.Domain", "SALES.Domain\SALES.Domain.csproj", "{6969EF33-35E5-4DCC-88BC-983FE417840D}"
EndProject
Project("{FAE04EC0-301F-11D3-BF4B-00C04F79EFBC}") = "SALES.Common", "SALES.Common\SALES.Common.csproj", "{DDB792C1-FF19-41A4-A4DA-3EF0465D10F6}"
EndProject
Global
	GlobalSection(SolutionConfigurationPlatforms) = preSolution
		Ad-Hoc|Any CPU = Ad-Hoc|Any CPU
		Ad-Hoc|ARM = Ad-Hoc|ARM
		Ad-Hoc|iPhone = Ad-Hoc|iPhone
		Ad-Hoc|iPhoneSimulator = Ad-Hoc|iPhoneSimulator
		Ad-Hoc|x64 = Ad-Hoc|x64
		Ad-Hoc|x86 = Ad-Hoc|x86
		AppStore|Any CPU = AppStore|Any CPU
		AppStore|ARM = AppStore|ARM
		AppStore|iPhone = AppStore|iPhone
		AppStore|iPhoneSimulator = AppStore|iPhoneSimulator
		AppStore|x64 = AppStore|x64
		AppStore|x86 = AppStore|x86
		Debug|Any CPU = Debug|Any CPU
		Debug|ARM = Debug|ARM
		Debug|iPhone = Debug|iPhone
		Debug|iPhoneSimulator = Debug|iPhoneSimulator
		Debug|x64 = Debug|x64
		Debug|x86 = Debug|x86
		Release|Any CPU = Release|Any CPU
		Release|ARM = Release|ARM
		Release|iPhone = Release|iPhone
		Release|iPhoneSimulator = Release|iPhoneSimulator
		Release|x64 = Release|x64
		Release|x86 = Release|x86
	EndGlobalSection
	GlobalSection(ProjectConfigurationPlatforms) = postSolution
		{08AACA7A-62F4-49A7-93AD-2225558C74B7}.Ad-Hoc|Any CPU.ActiveCfg = Release|Any CPU
		{08AACA7A-62F4-49A7-93AD-2225558C74B7}.Ad-Hoc|Any CPU.Build.0 = Release|Any CPU
		{08AACA7A-62F4-49A7-93AD-2225558C74B7}.Ad-Hoc|Any CPU.Deploy.0 = Release|Any CPU
		{08AACA7A-62F4-49A7-93AD-2225558C74B7}.Ad-Hoc|ARM.ActiveCfg = Release|Any CPU
		{08AACA7A-62F4-49A7-93AD-2225558C74B7}.Ad-Hoc|ARM.Build.0 = Release|Any CPU
		{08AACA7A-62F4-49A7-93AD-2225558C74B7}.Ad-Hoc|ARM.Deploy.0 = Release|Any CPU
		{08AACA7A-62F4-49A7-93AD-2225558C74B7}.Ad-Hoc|iPhone.ActiveCfg = Release|Any CPU
		{08AACA7A-62F4-49A7-93AD-2225558C74B7}.Ad-Hoc|iPhone.Build.0 = Release|Any CPU
		{08AACA7A-62F4-49A7-93AD-2225558C74B7}.Ad-Hoc|iPhone.Deploy.0 = Release|Any CPU
		{08AACA7A-62F4-49A7-93AD-2225558C74B7}.Ad-Hoc|iPhoneSimulator.ActiveCfg = Release|Any CPU
		{08AACA7A-62F4-49A7-93AD-2225558C74B7}.Ad-Hoc|iPhoneSimulator.Build.0 = Release|Any CPU
		{08AACA7A-62F4-49A7-93AD-2225558C74B7}.Ad-Hoc|iPhoneSimulator.Deploy.0 = Release|Any CPU
		{08AACA7A-62F4-49A7-93AD-2225558C74B7}.Ad-Hoc|x64.ActiveCfg = Release|Any CPU
		{08AACA7A-62F4-49A7-93AD-2225558C74B7}.Ad-Hoc|x64.Build.0 = Release|Any CPU
		{08AACA7A-62F4-49A7-93AD-2225558C74B7}.Ad-Hoc|x64.Deploy.0 = Release|Any CPU
		{08AACA7A-62F4-49A7-93AD-2225558C74B7}.Ad-Hoc|x86.ActiveCfg = Release|Any CPU
		{08AACA7A-62F4-49A7-93AD-2225558C74B7}.Ad-Hoc|x86.Build.0 = Release|Any CPU
		{08AACA7A-62F4-49A7-93AD-2225558C74B7}.Ad-Hoc|x86.Deploy.0 = Release|Any CPU
		{08AACA7A-62F4-49A7-93AD-2225558C74B7}.AppStore|Any CPU.ActiveCfg = Release|Any CPU
		{08AACA7A-62F4-49A7-93AD-2225558C74B7}.AppStore|Any CPU.Build.0 = Release|Any CPU
		{08AACA7A-62F4-49A7-93AD-2225558C74B7}.AppStore|Any CPU.Deploy.0 = Release|Any CPU
		{08AACA7A-62F4-49A7-93AD-2225558C74B7}.AppStore|ARM.ActiveCfg = Release|Any CPU
		{08AACA7A-62F4-49A7-93AD-2225558C74B7}.AppStore|ARM.Build.0 = Release|Any CPU
		{08AACA7A-62F4-49A7-93AD-2225558C74B7}.AppStore|ARM.Deploy.0 = Release|Any CPU
		{08AACA7A-62F4-49A7-93AD-2225558C74B7}.AppStore|iPhone.ActiveCfg = Release|Any CPU
		{08AACA7A-62F4-49A7-93AD-2225558C74B7}.AppStore|iPhone.Build.0 = Release|Any CPU
		{08AACA7A-62F4-49A7-93AD-2225558C74B7}.AppStore|iPhone.Deploy.0 = Release|Any CPU
		{08AACA7A-62F4-49A7-93AD-2225558C74B7}.AppStore|iPhoneSimulator.ActiveCfg = Release|Any CPU
		{08AACA7A-62F4-49A7-93AD-2225558C74B7}.AppStore|iPhoneSimulator.Build.0 = Release|Any CPU
		{08AACA7A-62F4-49A7-93AD-2225558C74B7}.AppStore|iPhoneSimulator.Deploy.0 = Release|Any CPU
		{08AACA7A-62F4-49A7-93AD-2225558C74B7}.AppStore|x64.ActiveCfg = Release|Any CPU
		{08AACA7A-62F4-49A7-93AD-2225558C74B7}.AppStore|x64.Build.0 = Release|Any CPU
		{08AACA7A-62F4-49A7-93AD-2225558C74B7}.AppStore|x64.Deploy.0 = Release|Any CPU
		{08AACA7A-62F4-49A7-93AD-2225558C74B7}.AppStore|x86.ActiveCfg = Release|Any CPU
		{08AACA7A-62F4-49A7-93AD-2225558C74B7}.AppStore|x86.Build.0 = Release|Any CPU
		{08AACA7A-62F4-49A7-93AD-2225558C74B7}.AppStore|x86.Deploy.0 = Release|Any CPU
		{08AACA7A-62F4-49A7-93AD-2225558C74B7}.Debug|Any CPU.ActiveCfg = Debug|Any CPU
		{08AACA7A-62F4-49A7-93AD-2225558C74B7}.Debug|Any CPU.Build.0 = Debug|Any CPU
		{08AACA7A-62F4-49A7-93AD-2225558C74B7}.Debug|Any CPU.Deploy.0 = Debug|Any CPU
		{08AACA7A-62F4-49A7-93AD-2225558C74B7}.Debug|ARM.ActiveCfg = Debug|Any CPU
		{08AACA7A-62F4-49A7-93AD-2225558C74B7}.Debug|ARM.Build.0 = Debug|Any CPU
		{08AACA7A-62F4-49A7-93AD-2225558C74B7}.Debug|ARM.Deploy.0 = Debug|Any CPU
		{08AACA7A-62F4-49A7-93AD-2225558C74B7}.Debug|iPhone.ActiveCfg = Debug|Any CPU
		{08AACA7A-62F4-49A7-93AD-2225558C74B7}.Debug|iPhone.Build.0 = Debug|Any CPU
		{08AACA7A-62F4-49A7-93AD-2225558C74B7}.Debug|iPhone.Deploy.0 = Debug|Any CPU
		{08AACA7A-62F4-49A7-93AD-2225558C74B7}.Debug|iPhoneSimulator.ActiveCfg = Debug|Any CPU
		{08AACA7A-62F4-49A7-93AD-2225558C74B7}.Debug|iPhoneSimulator.Build.0 = Debug|Any CPU
		{08AACA7A-62F4-49A7-93AD-2225558C74B7}.Debug|iPhoneSimulator.Deploy.0 = Debug|Any CPU
		{08AACA7A-62F4-49A7-93AD-2225558C74B7}.Debug|x64.ActiveCfg = Debug|Any CPU
		{08AACA7A-62F4-49A7-93AD-2225558C74B7}.Debug|x64.Build.0 = Debug|Any CPU
		{08AACA7A-62F4-49A7-93AD-2225558C74B7}.Debug|x64.Deploy.0 = Debug|Any CPU
		{08AACA7A-62F4-49A7-93AD-2225558C74B7}.Debug|x86.ActiveCfg = Debug|Any CPU
		{08AACA7A-62F4-49A7-93AD-2225558C74B7}.Debug|x86.Build.0 = Debug|Any CPU
		{08AACA7A-62F4-49A7-93AD-2225558C74B7}.Debug|x86.Deploy.0 = Debug|Any CPU
		{08AACA7A-62F4-49A7-93AD-2225558C74B7}.Release|Any CPU.ActiveCfg = Release|Any CPU
		{08AACA7A-62F4-49A7-93AD-2225558C74B7}.Release|Any CPU.Build.0 = Release|Any CPU
		{08AACA7A-62F4-49A7-93AD-2225558C74B7}.Release|Any CPU.Deploy.0 = Release|Any CPU
		{08AACA7A-62F4-49A7-93AD-2225558C74B7}.Release|ARM.ActiveCfg = Release|Any CPU
		{08AACA7A-62F4-49A7-93AD-2225558C74B7}.Release|ARM.Build.0 = Release|Any CPU
		{08AACA7A-62F4-49A7-93AD-2225558C74B7}.Release|ARM.Deploy.0 = Release|Any CPU
		{08AACA7A-62F4-49A7-93AD-2225558C74B7}.Release|iPhone.ActiveCfg = Release|Any CPU
		{08AACA7A-62F4-49A7-93AD-2225558C74B7}.Release|iPhone.Build.0 = Release|Any CPU
		{08AACA7A-62F4-49A7-93AD-2225558C74B7}.Release|iPhone.Deploy.0 = Release|Any CPU
		{08AACA7A-62F4-49A7-93AD-2225558C74B7}.Release|iPhoneSimulator.ActiveCfg = Release|Any CPU
		{08AACA7A-62F4-49A7-93AD-2225558C74B7}.Release|iPhoneSimulator.Build.0 = Release|Any CPU
		{08AACA7A-62F4-49A7-93AD-2225558C74B7}.Release|iPhoneSimulator.Deploy.0 = Release|Any CPU
		{08AACA7A-62F4-49A7-93AD-2225558C74B7}.Release|x64.ActiveCfg = Release|Any CPU
		{08AACA7A-62F4-49A7-93AD-2225558C74B7}.Release|x64.Build.0 = Release|Any CPU
		{08AACA7A-62F4-49A7-93AD-2225558C74B7}.Release|x64.Deploy.0 = Release|Any CPU
		{08AACA7A-62F4-49A7-93AD-2225558C74B7}.Release|x86.ActiveCfg = Release|Any CPU
		{08AACA7A-62F4-49A7-93AD-2225558C74B7}.Release|x86.Build.0 = Release|Any CPU
		{08AACA7A-62F4-49A7-93AD-2225558C74B7}.Release|x86.Deploy.0 = Release|Any CPU
		{653CB1B6-132D-4C0C-8370-05D639A14CEC}.Ad-Hoc|Any CPU.ActiveCfg = Ad-Hoc|iPhone
		{653CB1B6-132D-4C0C-8370-05D639A14CEC}.Ad-Hoc|Any CPU.Build.0 = Ad-Hoc|iPhone
		{653CB1B6-132D-4C0C-8370-05D639A14CEC}.Ad-Hoc|Any CPU.Deploy.0 = Ad-Hoc|iPhone
		{653CB1B6-132D-4C0C-8370-05D639A14CEC}.Ad-Hoc|ARM.ActiveCfg = Ad-Hoc|iPhone
		{653CB1B6-132D-4C0C-8370-05D639A14CEC}.Ad-Hoc|ARM.Build.0 = Ad-Hoc|iPhone
		{653CB1B6-132D-4C0C-8370-05D639A14CEC}.Ad-Hoc|ARM.Deploy.0 = Ad-Hoc|iPhone
		{653CB1B6-132D-4C0C-8370-05D639A14CEC}.Ad-Hoc|iPhone.ActiveCfg = Ad-Hoc|iPhone
		{653CB1B6-132D-4C0C-8370-05D639A14CEC}.Ad-Hoc|iPhone.Build.0 = Ad-Hoc|iPhone
		{653CB1B6-132D-4C0C-8370-05D639A14CEC}.Ad-Hoc|iPhone.Deploy.0 = Ad-Hoc|iPhone
		{653CB1B6-132D-4C0C-8370-05D639A14CEC}.Ad-Hoc|iPhoneSimulator.ActiveCfg = Ad-Hoc|iPhoneSimulator
		{653CB1B6-132D-4C0C-8370-05D639A14CEC}.Ad-Hoc|iPhoneSimulator.Build.0 = Ad-Hoc|iPhoneSimulator
		{653CB1B6-132D-4C0C-8370-05D639A14CEC}.Ad-Hoc|iPhoneSimulator.Deploy.0 = Ad-Hoc|iPhoneSimulator
		{653CB1B6-132D-4C0C-8370-05D639A14CEC}.Ad-Hoc|x64.ActiveCfg = Ad-Hoc|iPhone
		{653CB1B6-132D-4C0C-8370-05D639A14CEC}.Ad-Hoc|x64.Build.0 = Ad-Hoc|iPhone
		{653CB1B6-132D-4C0C-8370-05D639A14CEC}.Ad-Hoc|x64.Deploy.0 = Ad-Hoc|iPhone
		{653CB1B6-132D-4C0C-8370-05D639A14CEC}.Ad-Hoc|x86.ActiveCfg = Ad-Hoc|iPhone
		{653CB1B6-132D-4C0C-8370-05D639A14CEC}.Ad-Hoc|x86.Build.0 = Ad-Hoc|iPhone
		{653CB1B6-132D-4C0C-8370-05D639A14CEC}.Ad-Hoc|x86.Deploy.0 = Ad-Hoc|iPhone
		{653CB1B6-132D-4C0C-8370-05D639A14CEC}.AppStore|Any CPU.ActiveCfg = AppStore|iPhone
		{653CB1B6-132D-4C0C-8370-05D639A14CEC}.AppStore|Any CPU.Build.0 = AppStore|iPhone
		{653CB1B6-132D-4C0C-8370-05D639A14CEC}.AppStore|Any CPU.Deploy.0 = AppStore|iPhone
		{653CB1B6-132D-4C0C-8370-05D639A14CEC}.AppStore|ARM.ActiveCfg = AppStore|iPhone
		{653CB1B6-132D-4C0C-8370-05D639A14CEC}.AppStore|ARM.Build.0 = AppStore|iPhone
		{653CB1B6-132D-4C0C-8370-05D639A14CEC}.AppStore|ARM.Deploy.0 = AppStore|iPhone
		{653CB1B6-132D-4C0C-8370-05D639A14CEC}.AppStore|iPhone.ActiveCfg = AppStore|iPhone
		{653CB1B6-132D-4C0C-8370-05D639A14CEC}.AppStore|iPhone.Build.0 = AppStore|iPhone
		{653CB1B6-132D-4C0C-8370-05D639A14CEC}.AppStore|iPhone.Deploy.0 = AppStore|iPhone
		{653CB1B6-132D-4C0C-8370-05D639A14CEC}.AppStore|iPhoneSimulator.ActiveCfg = AppStore|iPhoneSimulator
		{653CB1B6-132D-4C0C-8370-05D639A14CEC}.AppStore|iPhoneSimulator.Build.0 = AppStore|iPhoneSimulator
		{653CB1B6-132D-4C0C-8370-05D639A14CEC}.AppStore|iPhoneSimulator.Deploy.0 = AppStore|iPhoneSimulator
		{653CB1B6-132D-4C0C-8370-05D639A14CEC}.AppStore|x64.ActiveCfg = AppStore|iPhone
		{653CB1B6-132D-4C0C-8370-05D639A14CEC}.AppStore|x64.Build.0 = AppStore|iPhone
		{653CB1B6-132D-4C0C-8370-05D639A14CEC}.AppStore|x64.Deploy.0 = AppStore|iPhone
		{653CB1B6-132D-4C0C-8370-05D639A14CEC}.AppStore|x86.ActiveCfg = AppStore|iPhone
		{653CB1B6-132D-4C0C-8370-05D639A14CEC}.AppStore|x86.Build.0 = AppStore|iPhone
		{653CB1B6-132D-4C0C-8370-05D639A14CEC}.AppStore|x86.Deploy.0 = AppStore|iPhone
		{653CB1B6-132D-4C0C-8370-05D639A14CEC}.Debug|Any CPU.ActiveCfg = Debug|iPhoneSimulator
		{653CB1B6-132D-4C0C-8370-05D639A14CEC}.Debug|Any CPU.Build.0 = Debug|iPhoneSimulator
		{653CB1B6-132D-4C0C-8370-05D639A14CEC}.Debug|Any CPU.Deploy.0 = Debug|iPhoneSimulator
		{653CB1B6-132D-4C0C-8370-05D639A14CEC}.Debug|ARM.ActiveCfg = Debug|iPhone
		{653CB1B6-132D-4C0C-8370-05D639A14CEC}.Debug|ARM.Build.0 = Debug|iPhone
		{653CB1B6-132D-4C0C-8370-05D639A14CEC}.Debug|ARM.Deploy.0 = Debug|iPhone
		{653CB1B6-132D-4C0C-8370-05D639A14CEC}.Debug|iPhone.ActiveCfg = Debug|iPhone
		{653CB1B6-132D-4C0C-8370-05D639A14CEC}.Debug|iPhone.Build.0 = Debug|iPhone
		{653CB1B6-132D-4C0C-8370-05D639A14CEC}.Debug|iPhone.Deploy.0 = Debug|iPhone
		{653CB1B6-132D-4C0C-8370-05D639A14CEC}.Debug|iPhoneSimulator.ActiveCfg = Debug|iPhoneSimulator
		{653CB1B6-132D-4C0C-8370-05D639A14CEC}.Debug|iPhoneSimulator.Build.0 = Debug|iPhoneSimulator
		{653CB1B6-132D-4C0C-8370-05D639A14CEC}.Debug|iPhoneSimulator.Deploy.0 = Debug|iPhoneSimulator
		{653CB1B6-132D-4C0C-8370-05D639A14CEC}.Debug|x64.ActiveCfg = Debug|iPhone
		{653CB1B6-132D-4C0C-8370-05D639A14CEC}.Debug|x64.Build.0 = Debug|iPhone
		{653CB1B6-132D-4C0C-8370-05D639A14CEC}.Debug|x64.Deploy.0 = Debug|iPhone
		{653CB1B6-132D-4C0C-8370-05D639A14CEC}.Debug|x86.ActiveCfg = Debug|iPhone
		{653CB1B6-132D-4C0C-8370-05D639A14CEC}.Debug|x86.Build.0 = Debug|iPhone
		{653CB1B6-132D-4C0C-8370-05D639A14CEC}.Debug|x86.Deploy.0 = Debug|iPhone
		{653CB1B6-132D-4C0C-8370-05D639A14CEC}.Release|Any CPU.ActiveCfg = Release|iPhone
		{653CB1B6-132D-4C0C-8370-05D639A14CEC}.Release|Any CPU.Build.0 = Release|iPhone
		{653CB1B6-132D-4C0C-8370-05D639A14CEC}.Release|Any CPU.Deploy.0 = Release|iPhone
		{653CB1B6-132D-4C0C-8370-05D639A14CEC}.Release|ARM.ActiveCfg = Release|iPhone
		{653CB1B6-132D-4C0C-8370-05D639A14CEC}.Release|ARM.Build.0 = Release|iPhone
		{653CB1B6-132D-4C0C-8370-05D639A14CEC}.Release|ARM.Deploy.0 = Release|iPhone
		{653CB1B6-132D-4C0C-8370-05D639A14CEC}.Release|iPhone.ActiveCfg = Release|iPhone
		{653CB1B6-132D-4C0C-8370-05D639A14CEC}.Release|iPhone.Build.0 = Release|iPhone
		{653CB1B6-132D-4C0C-8370-05D639A14CEC}.Release|iPhone.Deploy.0 = Release|iPhone
		{653CB1B6-132D-4C0C-8370-05D639A14CEC}.Release|iPhoneSimulator.ActiveCfg = Release|iPhoneSimulator
		{653CB1B6-132D-4C0C-8370-05D639A14CEC}.Release|iPhoneSimulator.Build.0 = Release|iPhoneSimulator
		{653CB1B6-132D-4C0C-8370-05D639A14CEC}.Release|iPhoneSimulator.Deploy.0 = Release|iPhoneSimulator
		{653CB1B6-132D-4C0C-8370-05D639A14CEC}.Release|x64.ActiveCfg = Release|iPhone
		{653CB1B6-132D-4C0C-8370-05D639A14CEC}.Release|x64.Build.0 = Release|iPhone
		{653CB1B6-132D-4C0C-8370-05D639A14CEC}.Release|x64.Deploy.0 = Release|iPhone
		{653CB1B6-132D-4C0C-8370-05D639A14CEC}.Release|x86.ActiveCfg = Release|iPhone
		{653CB1B6-132D-4C0C-8370-05D639A14CEC}.Release|x86.Build.0 = Release|iPhone
		{653CB1B6-132D-4C0C-8370-05D639A14CEC}.Release|x86.Deploy.0 = Release|iPhone
		{5D3A4412-9294-4A8C-BDDC-40A55365AABC}.Ad-Hoc|Any CPU.ActiveCfg = Release|x86
		{5D3A4412-9294-4A8C-BDDC-40A55365AABC}.Ad-Hoc|Any CPU.Build.0 = Release|x86
		{5D3A4412-9294-4A8C-BDDC-40A55365AABC}.Ad-Hoc|Any CPU.Deploy.0 = Release|x86
		{5D3A4412-9294-4A8C-BDDC-40A55365AABC}.Ad-Hoc|ARM.ActiveCfg = Release|ARM
		{5D3A4412-9294-4A8C-BDDC-40A55365AABC}.Ad-Hoc|ARM.Build.0 = Release|ARM
		{5D3A4412-9294-4A8C-BDDC-40A55365AABC}.Ad-Hoc|ARM.Deploy.0 = Release|ARM
		{5D3A4412-9294-4A8C-BDDC-40A55365AABC}.Ad-Hoc|iPhone.ActiveCfg = Release|x86
		{5D3A4412-9294-4A8C-BDDC-40A55365AABC}.Ad-Hoc|iPhone.Build.0 = Release|x86
		{5D3A4412-9294-4A8C-BDDC-40A55365AABC}.Ad-Hoc|iPhone.Deploy.0 = Release|x86
		{5D3A4412-9294-4A8C-BDDC-40A55365AABC}.Ad-Hoc|iPhoneSimulator.ActiveCfg = Release|x86
		{5D3A4412-9294-4A8C-BDDC-40A55365AABC}.Ad-Hoc|iPhoneSimulator.Build.0 = Release|x86
		{5D3A4412-9294-4A8C-BDDC-40A55365AABC}.Ad-Hoc|iPhoneSimulator.Deploy.0 = Release|x86
		{5D3A4412-9294-4A8C-BDDC-40A55365AABC}.Ad-Hoc|x64.ActiveCfg = Release|x64
		{5D3A4412-9294-4A8C-BDDC-40A55365AABC}.Ad-Hoc|x64.Build.0 = Release|x64
		{5D3A4412-9294-4A8C-BDDC-40A55365AABC}.Ad-Hoc|x64.Deploy.0 = Release|x64
		{5D3A4412-9294-4A8C-BDDC-40A55365AABC}.Ad-Hoc|x86.ActiveCfg = Release|x86
		{5D3A4412-9294-4A8C-BDDC-40A55365AABC}.Ad-Hoc|x86.Build.0 = Release|x86
		{5D3A4412-9294-4A8C-BDDC-40A55365AABC}.Ad-Hoc|x86.Deploy.0 = Release|x86
		{5D3A4412-9294-4A8C-BDDC-40A55365AABC}.AppStore|Any CPU.ActiveCfg = Release|x86
		{5D3A4412-9294-4A8C-BDDC-40A55365AABC}.AppStore|Any CPU.Build.0 = Release|x86
		{5D3A4412-9294-4A8C-BDDC-40A55365AABC}.AppStore|Any CPU.Deploy.0 = Release|x86
		{5D3A4412-9294-4A8C-BDDC-40A55365AABC}.AppStore|ARM.ActiveCfg = Release|ARM
		{5D3A4412-9294-4A8C-BDDC-40A55365AABC}.AppStore|ARM.Build.0 = Release|ARM
		{5D3A4412-9294-4A8C-BDDC-40A55365AABC}.AppStore|ARM.Deploy.0 = Release|ARM
		{5D3A4412-9294-4A8C-BDDC-40A55365AABC}.AppStore|iPhone.ActiveCfg = Release|x86
		{5D3A4412-9294-4A8C-BDDC-40A55365AABC}.AppStore|iPhone.Build.0 = Release|x86
		{5D3A4412-9294-4A8C-BDDC-40A55365AABC}.AppStore|iPhone.Deploy.0 = Release|x86
		{5D3A4412-9294-4A8C-BDDC-40A55365AABC}.AppStore|iPhoneSimulator.ActiveCfg = Release|x86
		{5D3A4412-9294-4A8C-BDDC-40A55365AABC}.AppStore|iPhoneSimulator.Build.0 = Release|x86
		{5D3A4412-9294-4A8C-BDDC-40A55365AABC}.AppStore|iPhoneSimulator.Deploy.0 = Release|x86
		{5D3A4412-9294-4A8C-BDDC-40A55365AABC}.AppStore|x64.ActiveCfg = Release|x64
		{5D3A4412-9294-4A8C-BDDC-40A55365AABC}.AppStore|x64.Build.0 = Release|x64
		{5D3A4412-9294-4A8C-BDDC-40A55365AABC}.AppStore|x64.Deploy.0 = Release|x64
		{5D3A4412-9294-4A8C-BDDC-40A55365AABC}.AppStore|x86.ActiveCfg = Release|x86
		{5D3A4412-9294-4A8C-BDDC-40A55365AABC}.AppStore|x86.Build.0 = Release|x86
		{5D3A4412-9294-4A8C-BDDC-40A55365AABC}.AppStore|x86.Deploy.0 = Release|x86
		{5D3A4412-9294-4A8C-BDDC-40A55365AABC}.Debug|Any CPU.ActiveCfg = Debug|x86
		{5D3A4412-9294-4A8C-BDDC-40A55365AABC}.Debug|Any CPU.Build.0 = Debug|x86
		{5D3A4412-9294-4A8C-BDDC-40A55365AABC}.Debug|Any CPU.Deploy.0 = Debug|x86
		{5D3A4412-9294-4A8C-BDDC-40A55365AABC}.Debug|ARM.ActiveCfg = Debug|ARM
		{5D3A4412-9294-4A8C-BDDC-40A55365AABC}.Debug|ARM.Build.0 = Debug|ARM
		{5D3A4412-9294-4A8C-BDDC-40A55365AABC}.Debug|ARM.Deploy.0 = Debug|ARM
		{5D3A4412-9294-4A8C-BDDC-40A55365AABC}.Debug|iPhone.ActiveCfg = Debug|x86
		{5D3A4412-9294-4A8C-BDDC-40A55365AABC}.Debug|iPhone.Build.0 = Debug|x86
		{5D3A4412-9294-4A8C-BDDC-40A55365AABC}.Debug|iPhone.Deploy.0 = Debug|x86
		{5D3A4412-9294-4A8C-BDDC-40A55365AABC}.Debug|iPhoneSimulator.ActiveCfg = Debug|x86
		{5D3A4412-9294-4A8C-BDDC-40A55365AABC}.Debug|iPhoneSimulator.Build.0 = Debug|x86
		{5D3A4412-9294-4A8C-BDDC-40A55365AABC}.Debug|iPhoneSimulator.Deploy.0 = Debug|x86
		{5D3A4412-9294-4A8C-BDDC-40A55365AABC}.Debug|x64.ActiveCfg = Debug|x64
		{5D3A4412-9294-4A8C-BDDC-40A55365AABC}.Debug|x64.Build.0 = Debug|x64
		{5D3A4412-9294-4A8C-BDDC-40A55365AABC}.Debug|x64.Deploy.0 = Debug|x64
		{5D3A4412-9294-4A8C-BDDC-40A55365AABC}.Debug|x86.ActiveCfg = Debug|x86
		{5D3A4412-9294-4A8C-BDDC-40A55365AABC}.Debug|x86.Build.0 = Debug|x86
		{5D3A4412-9294-4A8C-BDDC-40A55365AABC}.Debug|x86.Deploy.0 = Debug|x86
		{5D3A4412-9294-4A8C-BDDC-40A55365AABC}.Release|Any CPU.ActiveCfg = Release|x86
		{5D3A4412-9294-4A8C-BDDC-40A55365AABC}.Release|Any CPU.Build.0 = Release|x86
		{5D3A4412-9294-4A8C-BDDC-40A55365AABC}.Release|Any CPU.Deploy.0 = Release|x86
		{5D3A4412-9294-4A8C-BDDC-40A55365AABC}.Release|ARM.ActiveCfg = Release|ARM
		{5D3A4412-9294-4A8C-BDDC-40A55365AABC}.Release|ARM.Build.0 = Release|ARM
		{5D3A4412-9294-4A8C-BDDC-40A55365AABC}.Release|ARM.Deploy.0 = Release|ARM
		{5D3A4412-9294-4A8C-BDDC-40A55365AABC}.Release|iPhone.ActiveCfg = Release|x86
		{5D3A4412-9294-4A8C-BDDC-40A55365AABC}.Release|iPhone.Build.0 = Release|x86
		{5D3A4412-9294-4A8C-BDDC-40A55365AABC}.Release|iPhone.Deploy.0 = Release|x86
		{5D3A4412-9294-4A8C-BDDC-40A55365AABC}.Release|iPhoneSimulator.ActiveCfg = Release|x86
		{5D3A4412-9294-4A8C-BDDC-40A55365AABC}.Release|iPhoneSimulator.Build.0 = Release|x86
		{5D3A4412-9294-4A8C-BDDC-40A55365AABC}.Release|iPhoneSimulator.Deploy.0 = Release|x86
		{5D3A4412-9294-4A8C-BDDC-40A55365AABC}.Release|x64.ActiveCfg = Release|x64
		{5D3A4412-9294-4A8C-BDDC-40A55365AABC}.Release|x64.Build.0 = Release|x64
		{5D3A4412-9294-4A8C-BDDC-40A55365AABC}.Release|x64.Deploy.0 = Release|x64
		{5D3A4412-9294-4A8C-BDDC-40A55365AABC}.Release|x86.ActiveCfg = Release|x86
		{5D3A4412-9294-4A8C-BDDC-40A55365AABC}.Release|x86.Build.0 = Release|x86
		{5D3A4412-9294-4A8C-BDDC-40A55365AABC}.Release|x86.Deploy.0 = Release|x86
		{6E2F720F-D5D0-4D83-BF2B-7E5417B2D7A0}.Ad-Hoc|Any CPU.ActiveCfg = Debug|Any CPU
		{6E2F720F-D5D0-4D83-BF2B-7E5417B2D7A0}.Ad-Hoc|Any CPU.Build.0 = Debug|Any CPU
		{6E2F720F-D5D0-4D83-BF2B-7E5417B2D7A0}.Ad-Hoc|Any CPU.Deploy.0 = Debug|Any CPU
		{6E2F720F-D5D0-4D83-BF2B-7E5417B2D7A0}.Ad-Hoc|ARM.ActiveCfg = Debug|Any CPU
		{6E2F720F-D5D0-4D83-BF2B-7E5417B2D7A0}.Ad-Hoc|ARM.Build.0 = Debug|Any CPU
		{6E2F720F-D5D0-4D83-BF2B-7E5417B2D7A0}.Ad-Hoc|ARM.Deploy.0 = Debug|Any CPU
		{6E2F720F-D5D0-4D83-BF2B-7E5417B2D7A0}.Ad-Hoc|iPhone.ActiveCfg = Debug|Any CPU
		{6E2F720F-D5D0-4D83-BF2B-7E5417B2D7A0}.Ad-Hoc|iPhone.Build.0 = Debug|Any CPU
		{6E2F720F-D5D0-4D83-BF2B-7E5417B2D7A0}.Ad-Hoc|iPhone.Deploy.0 = Debug|Any CPU
		{6E2F720F-D5D0-4D83-BF2B-7E5417B2D7A0}.Ad-Hoc|iPhoneSimulator.ActiveCfg = Debug|Any CPU
		{6E2F720F-D5D0-4D83-BF2B-7E5417B2D7A0}.Ad-Hoc|iPhoneSimulator.Build.0 = Debug|Any CPU
		{6E2F720F-D5D0-4D83-BF2B-7E5417B2D7A0}.Ad-Hoc|iPhoneSimulator.Deploy.0 = Debug|Any CPU
		{6E2F720F-D5D0-4D83-BF2B-7E5417B2D7A0}.Ad-Hoc|x64.ActiveCfg = Debug|Any CPU
		{6E2F720F-D5D0-4D83-BF2B-7E5417B2D7A0}.Ad-Hoc|x64.Build.0 = Debug|Any CPU
		{6E2F720F-D5D0-4D83-BF2B-7E5417B2D7A0}.Ad-Hoc|x64.Deploy.0 = Debug|Any CPU
		{6E2F720F-D5D0-4D83-BF2B-7E5417B2D7A0}.Ad-Hoc|x86.ActiveCfg = Debug|Any CPU
		{6E2F720F-D5D0-4D83-BF2B-7E5417B2D7A0}.Ad-Hoc|x86.Build.0 = Debug|Any CPU
		{6E2F720F-D5D0-4D83-BF2B-7E5417B2D7A0}.Ad-Hoc|x86.Deploy.0 = Debug|Any CPU
		{6E2F720F-D5D0-4D83-BF2B-7E5417B2D7A0}.AppStore|Any CPU.ActiveCfg = Debug|Any CPU
		{6E2F720F-D5D0-4D83-BF2B-7E5417B2D7A0}.AppStore|Any CPU.Build.0 = Debug|Any CPU
		{6E2F720F-D5D0-4D83-BF2B-7E5417B2D7A0}.AppStore|Any CPU.Deploy.0 = Debug|Any CPU
		{6E2F720F-D5D0-4D83-BF2B-7E5417B2D7A0}.AppStore|ARM.ActiveCfg = Debug|Any CPU
		{6E2F720F-D5D0-4D83-BF2B-7E5417B2D7A0}.AppStore|ARM.Build.0 = Debug|Any CPU
		{6E2F720F-D5D0-4D83-BF2B-7E5417B2D7A0}.AppStore|ARM.Deploy.0 = Debug|Any CPU
		{6E2F720F-D5D0-4D83-BF2B-7E5417B2D7A0}.AppStore|iPhone.ActiveCfg = Debug|Any CPU
		{6E2F720F-D5D0-4D83-BF2B-7E5417B2D7A0}.AppStore|iPhone.Build.0 = Debug|Any CPU
		{6E2F720F-D5D0-4D83-BF2B-7E5417B2D7A0}.AppStore|iPhone.Deploy.0 = Debug|Any CPU
		{6E2F720F-D5D0-4D83-BF2B-7E5417B2D7A0}.AppStore|iPhoneSimulator.ActiveCfg = Debug|Any CPU
		{6E2F720F-D5D0-4D83-BF2B-7E5417B2D7A0}.AppStore|iPhoneSimulator.Build.0 = Debug|Any CPU
		{6E2F720F-D5D0-4D83-BF2B-7E5417B2D7A0}.AppStore|iPhoneSimulator.Deploy.0 = Debug|Any CPU
		{6E2F720F-D5D0-4D83-BF2B-7E5417B2D7A0}.AppStore|x64.ActiveCfg = Debug|Any CPU
		{6E2F720F-D5D0-4D83-BF2B-7E5417B2D7A0}.AppStore|x64.Build.0 = Debug|Any CPU
		{6E2F720F-D5D0-4D83-BF2B-7E5417B2D7A0}.AppStore|x64.Deploy.0 = Debug|Any CPU
		{6E2F720F-D5D0-4D83-BF2B-7E5417B2D7A0}.AppStore|x86.ActiveCfg = Debug|Any CPU
		{6E2F720F-D5D0-4D83-BF2B-7E5417B2D7A0}.AppStore|x86.Build.0 = Debug|Any CPU
		{6E2F720F-D5D0-4D83-BF2B-7E5417B2D7A0}.AppStore|x86.Deploy.0 = Debug|Any CPU
		{6E2F720F-D5D0-4D83-BF2B-7E5417B2D7A0}.Debug|Any CPU.ActiveCfg = Debug|Any CPU
		{6E2F720F-D5D0-4D83-BF2B-7E5417B2D7A0}.Debug|Any CPU.Build.0 = Debug|Any CPU
		{6E2F720F-D5D0-4D83-BF2B-7E5417B2D7A0}.Debug|Any CPU.Deploy.0 = Debug|Any CPU
		{6E2F720F-D5D0-4D83-BF2B-7E5417B2D7A0}.Debug|ARM.ActiveCfg = Debug|Any CPU
		{6E2F720F-D5D0-4D83-BF2B-7E5417B2D7A0}.Debug|ARM.Build.0 = Debug|Any CPU
		{6E2F720F-D5D0-4D83-BF2B-7E5417B2D7A0}.Debug|ARM.Deploy.0 = Debug|Any CPU
		{6E2F720F-D5D0-4D83-BF2B-7E5417B2D7A0}.Debug|iPhone.ActiveCfg = Debug|Any CPU
		{6E2F720F-D5D0-4D83-BF2B-7E5417B2D7A0}.Debug|iPhone.Build.0 = Debug|Any CPU
		{6E2F720F-D5D0-4D83-BF2B-7E5417B2D7A0}.Debug|iPhone.Deploy.0 = Debug|Any CPU
		{6E2F720F-D5D0-4D83-BF2B-7E5417B2D7A0}.Debug|iPhoneSimulator.ActiveCfg = Debug|Any CPU
		{6E2F720F-D5D0-4D83-BF2B-7E5417B2D7A0}.Debug|iPhoneSimulator.Build.0 = Debug|Any CPU
		{6E2F720F-D5D0-4D83-BF2B-7E5417B2D7A0}.Debug|iPhoneSimulator.Deploy.0 = Debug|Any CPU
		{6E2F720F-D5D0-4D83-BF2B-7E5417B2D7A0}.Debug|x64.ActiveCfg = Debug|Any CPU
		{6E2F720F-D5D0-4D83-BF2B-7E5417B2D7A0}.Debug|x64.Build.0 = Debug|Any CPU
		{6E2F720F-D5D0-4D83-BF2B-7E5417B2D7A0}.Debug|x64.Deploy.0 = Debug|Any CPU
		{6E2F720F-D5D0-4D83-BF2B-7E5417B2D7A0}.Debug|x86.ActiveCfg = Debug|Any CPU
		{6E2F720F-D5D0-4D83-BF2B-7E5417B2D7A0}.Debug|x86.Build.0 = Debug|Any CPU
		{6E2F720F-D5D0-4D83-BF2B-7E5417B2D7A0}.Debug|x86.Deploy.0 = Debug|Any CPU
		{6E2F720F-D5D0-4D83-BF2B-7E5417B2D7A0}.Release|Any CPU.ActiveCfg = Release|Any CPU
		{6E2F720F-D5D0-4D83-BF2B-7E5417B2D7A0}.Release|Any CPU.Build.0 = Release|Any CPU
		{6E2F720F-D5D0-4D83-BF2B-7E5417B2D7A0}.Release|Any CPU.Deploy.0 = Release|Any CPU
		{6E2F720F-D5D0-4D83-BF2B-7E5417B2D7A0}.Release|ARM.ActiveCfg = Release|Any CPU
		{6E2F720F-D5D0-4D83-BF2B-7E5417B2D7A0}.Release|ARM.Build.0 = Release|Any CPU
		{6E2F720F-D5D0-4D83-BF2B-7E5417B2D7A0}.Release|ARM.Deploy.0 = Release|Any CPU
		{6E2F720F-D5D0-4D83-BF2B-7E5417B2D7A0}.Release|iPhone.ActiveCfg = Release|Any CPU
		{6E2F720F-D5D0-4D83-BF2B-7E5417B2D7A0}.Release|iPhone.Build.0 = Release|Any CPU
		{6E2F720F-D5D0-4D83-BF2B-7E5417B2D7A0}.Release|iPhone.Deploy.0 = Release|Any CPU
		{6E2F720F-D5D0-4D83-BF2B-7E5417B2D7A0}.Release|iPhoneSimulator.ActiveCfg = Release|Any CPU
		{6E2F720F-D5D0-4D83-BF2B-7E5417B2D7A0}.Release|iPhoneSimulator.Build.0 = Release|Any CPU
		{6E2F720F-D5D0-4D83-BF2B-7E5417B2D7A0}.Release|iPhoneSimulator.Deploy.0 = Release|Any CPU
		{6E2F720F-D5D0-4D83-BF2B-7E5417B2D7A0}.Release|x64.ActiveCfg = Release|Any CPU
		{6E2F720F-D5D0-4D83-BF2B-7E5417B2D7A0}.Release|x64.Build.0 = Release|Any CPU
		{6E2F720F-D5D0-4D83-BF2B-7E5417B2D7A0}.Release|x64.Deploy.0 = Release|Any CPU
		{6E2F720F-D5D0-4D83-BF2B-7E5417B2D7A0}.Release|x86.ActiveCfg = Release|Any CPU
		{6E2F720F-D5D0-4D83-BF2B-7E5417B2D7A0}.Release|x86.Build.0 = Release|Any CPU
		{6E2F720F-D5D0-4D83-BF2B-7E5417B2D7A0}.Release|x86.Deploy.0 = Release|Any CPU
		{204520E5-E559-4112-A5CC-6986E7926BF3}.Ad-Hoc|Any CPU.ActiveCfg = Release|Any CPU
		{204520E5-E559-4112-A5CC-6986E7926BF3}.Ad-Hoc|Any CPU.Build.0 = Release|Any CPU
		{204520E5-E559-4112-A5CC-6986E7926BF3}.Ad-Hoc|ARM.ActiveCfg = Release|Any CPU
		{204520E5-E559-4112-A5CC-6986E7926BF3}.Ad-Hoc|ARM.Build.0 = Release|Any CPU
		{204520E5-E559-4112-A5CC-6986E7926BF3}.Ad-Hoc|iPhone.ActiveCfg = Release|Any CPU
		{204520E5-E559-4112-A5CC-6986E7926BF3}.Ad-Hoc|iPhone.Build.0 = Release|Any CPU
		{204520E5-E559-4112-A5CC-6986E7926BF3}.Ad-Hoc|iPhoneSimulator.ActiveCfg = Release|Any CPU
		{204520E5-E559-4112-A5CC-6986E7926BF3}.Ad-Hoc|iPhoneSimulator.Build.0 = Release|Any CPU
		{204520E5-E559-4112-A5CC-6986E7926BF3}.Ad-Hoc|x64.ActiveCfg = Release|Any CPU
		{204520E5-E559-4112-A5CC-6986E7926BF3}.Ad-Hoc|x64.Build.0 = Release|Any CPU
		{204520E5-E559-4112-A5CC-6986E7926BF3}.Ad-Hoc|x86.ActiveCfg = Release|Any CPU
		{204520E5-E559-4112-A5CC-6986E7926BF3}.Ad-Hoc|x86.Build.0 = Release|Any CPU
		{204520E5-E559-4112-A5CC-6986E7926BF3}.AppStore|Any CPU.ActiveCfg = Release|Any CPU
		{204520E5-E559-4112-A5CC-6986E7926BF3}.AppStore|Any CPU.Build.0 = Release|Any CPU
		{204520E5-E559-4112-A5CC-6986E7926BF3}.AppStore|ARM.ActiveCfg = Release|Any CPU
		{204520E5-E559-4112-A5CC-6986E7926BF3}.AppStore|ARM.Build.0 = Release|Any CPU
		{204520E5-E559-4112-A5CC-6986E7926BF3}.AppStore|iPhone.ActiveCfg = Release|Any CPU
		{204520E5-E559-4112-A5CC-6986E7926BF3}.AppStore|iPhone.Build.0 = Release|Any CPU
		{204520E5-E559-4112-A5CC-6986E7926BF3}.AppStore|iPhoneSimulator.ActiveCfg = Release|Any CPU
		{204520E5-E559-4112-A5CC-6986E7926BF3}.AppStore|iPhoneSimulator.Build.0 = Release|Any CPU
		{204520E5-E559-4112-A5CC-6986E7926BF3}.AppStore|x64.ActiveCfg = Release|Any CPU
		{204520E5-E559-4112-A5CC-6986E7926BF3}.AppStore|x64.Build.0 = Release|Any CPU
		{204520E5-E559-4112-A5CC-6986E7926BF3}.AppStore|x86.ActiveCfg = Release|Any CPU
		{204520E5-E559-4112-A5CC-6986E7926BF3}.AppStore|x86.Build.0 = Release|Any CPU
		{204520E5-E559-4112-A5CC-6986E7926BF3}.Debug|Any CPU.ActiveCfg = Debug|Any CPU
		{204520E5-E559-4112-A5CC-6986E7926BF3}.Debug|Any CPU.Build.0 = Debug|Any CPU
		{204520E5-E559-4112-A5CC-6986E7926BF3}.Debug|ARM.ActiveCfg = Debug|Any CPU
		{204520E5-E559-4112-A5CC-6986E7926BF3}.Debug|ARM.Build.0 = Debug|Any CPU
		{204520E5-E559-4112-A5CC-6986E7926BF3}.Debug|iPhone.ActiveCfg = Debug|Any CPU
		{204520E5-E559-4112-A5CC-6986E7926BF3}.Debug|iPhone.Build.0 = Debug|Any CPU
		{204520E5-E559-4112-A5CC-6986E7926BF3}.Debug|iPhoneSimulator.ActiveCfg = Debug|Any CPU
		{204520E5-E559-4112-A5CC-6986E7926BF3}.Debug|iPhoneSimulator.Build.0 = Debug|Any CPU
		{204520E5-E559-4112-A5CC-6986E7926BF3}.Debug|x64.ActiveCfg = Debug|Any CPU
		{204520E5-E559-4112-A5CC-6986E7926BF3}.Debug|x64.Build.0 = Debug|Any CPU
		{204520E5-E559-4112-A5CC-6986E7926BF3}.Debug|x86.ActiveCfg = Debug|Any CPU
		{204520E5-E559-4112-A5CC-6986E7926BF3}.Debug|x86.Build.0 = Debug|Any CPU
		{204520E5-E559-4112-A5CC-6986E7926BF3}.Release|Any CPU.ActiveCfg = Release|Any CPU
		{204520E5-E559-4112-A5CC-6986E7926BF3}.Release|Any CPU.Build.0 = Release|Any CPU
		{204520E5-E559-4112-A5CC-6986E7926BF3}.Release|ARM.ActiveCfg = Release|Any CPU
		{204520E5-E559-4112-A5CC-6986E7926BF3}.Release|ARM.Build.0 = Release|Any CPU
		{204520E5-E559-4112-A5CC-6986E7926BF3}.Release|iPhone.ActiveCfg = Release|Any CPU
		{204520E5-E559-4112-A5CC-6986E7926BF3}.Release|iPhone.Build.0 = Release|Any CPU
		{204520E5-E559-4112-A5CC-6986E7926BF3}.Release|iPhoneSimulator.ActiveCfg = Release|Any CPU
		{204520E5-E559-4112-A5CC-6986E7926BF3}.Release|iPhoneSimulator.Build.0 = Release|Any CPU
		{204520E5-E559-4112-A5CC-6986E7926BF3}.Release|x64.ActiveCfg = Release|Any CPU
		{204520E5-E559-4112-A5CC-6986E7926BF3}.Release|x64.Build.0 = Release|Any CPU
		{204520E5-E559-4112-A5CC-6986E7926BF3}.Release|x86.ActiveCfg = Release|Any CPU
		{204520E5-E559-4112-A5CC-6986E7926BF3}.Release|x86.Build.0 = Release|Any CPU
		{10482557-D536-4440-A482-56C02111B8AD}.Ad-Hoc|Any CPU.ActiveCfg = Release|Any CPU
		{10482557-D536-4440-A482-56C02111B8AD}.Ad-Hoc|Any CPU.Build.0 = Release|Any CPU
		{10482557-D536-4440-A482-56C02111B8AD}.Ad-Hoc|ARM.ActiveCfg = Release|Any CPU
		{10482557-D536-4440-A482-56C02111B8AD}.Ad-Hoc|ARM.Build.0 = Release|Any CPU
		{10482557-D536-4440-A482-56C02111B8AD}.Ad-Hoc|iPhone.ActiveCfg = Release|Any CPU
		{10482557-D536-4440-A482-56C02111B8AD}.Ad-Hoc|iPhone.Build.0 = Release|Any CPU
		{10482557-D536-4440-A482-56C02111B8AD}.Ad-Hoc|iPhoneSimulator.ActiveCfg = Release|Any CPU
		{10482557-D536-4440-A482-56C02111B8AD}.Ad-Hoc|iPhoneSimulator.Build.0 = Release|Any CPU
		{10482557-D536-4440-A482-56C02111B8AD}.Ad-Hoc|x64.ActiveCfg = Release|Any CPU
		{10482557-D536-4440-A482-56C02111B8AD}.Ad-Hoc|x64.Build.0 = Release|Any CPU
		{10482557-D536-4440-A482-56C02111B8AD}.Ad-Hoc|x86.ActiveCfg = Release|Any CPU
		{10482557-D536-4440-A482-56C02111B8AD}.Ad-Hoc|x86.Build.0 = Release|Any CPU
		{10482557-D536-4440-A482-56C02111B8AD}.AppStore|Any CPU.ActiveCfg = Release|Any CPU
		{10482557-D536-4440-A482-56C02111B8AD}.AppStore|Any CPU.Build.0 = Release|Any CPU
		{10482557-D536-4440-A482-56C02111B8AD}.AppStore|ARM.ActiveCfg = Release|Any CPU
		{10482557-D536-4440-A482-56C02111B8AD}.AppStore|ARM.Build.0 = Release|Any CPU
		{10482557-D536-4440-A482-56C02111B8AD}.AppStore|iPhone.ActiveCfg = Release|Any CPU
		{10482557-D536-4440-A482-56C02111B8AD}.AppStore|iPhone.Build.0 = Release|Any CPU
		{10482557-D536-4440-A482-56C02111B8AD}.AppStore|iPhoneSimulator.ActiveCfg = Release|Any CPU
		{10482557-D536-4440-A482-56C02111B8AD}.AppStore|iPhoneSimulator.Build.0 = Release|Any CPU
		{10482557-D536-4440-A482-56C02111B8AD}.AppStore|x64.ActiveCfg = Release|Any CPU
		{10482557-D536-4440-A482-56C02111B8AD}.AppStore|x64.Build.0 = Release|Any CPU
		{10482557-D536-4440-A482-56C02111B8AD}.AppStore|x86.ActiveCfg = Release|Any CPU
		{10482557-D536-4440-A482-56C02111B8AD}.AppStore|x86.Build.0 = Release|Any CPU
		{10482557-D536-4440-A482-56C02111B8AD}.Debug|Any CPU.ActiveCfg = Debug|Any CPU
		{10482557-D536-4440-A482-56C02111B8AD}.Debug|Any CPU.Build.0 = Debug|Any CPU
		{10482557-D536-4440-A482-56C02111B8AD}.Debug|ARM.ActiveCfg = Debug|Any CPU
		{10482557-D536-4440-A482-56C02111B8AD}.Debug|ARM.Build.0 = Debug|Any CPU
		{10482557-D536-4440-A482-56C02111B8AD}.Debug|iPhone.ActiveCfg = Debug|Any CPU
		{10482557-D536-4440-A482-56C02111B8AD}.Debug|iPhone.Build.0 = Debug|Any CPU
		{10482557-D536-4440-A482-56C02111B8AD}.Debug|iPhoneSimulator.ActiveCfg = Debug|Any CPU
		{10482557-D536-4440-A482-56C02111B8AD}.Debug|iPhoneSimulator.Build.0 = Debug|Any CPU
		{10482557-D536-4440-A482-56C02111B8AD}.Debug|x64.ActiveCfg = Debug|Any CPU
		{10482557-D536-4440-A482-56C02111B8AD}.Debug|x64.Build.0 = Debug|Any CPU
		{10482557-D536-4440-A482-56C02111B8AD}.Debug|x86.ActiveCfg = Debug|Any CPU
		{10482557-D536-4440-A482-56C02111B8AD}.Debug|x86.Build.0 = Debug|Any CPU
		{10482557-D536-4440-A482-56C02111B8AD}.Release|Any CPU.ActiveCfg = Release|Any CPU
		{10482557-D536-4440-A482-56C02111B8AD}.Release|Any CPU.Build.0 = Release|Any CPU
		{10482557-D536-4440-A482-56C02111B8AD}.Release|ARM.ActiveCfg = Release|Any CPU
		{10482557-D536-4440-A482-56C02111B8AD}.Release|ARM.Build.0 = Release|Any CPU
		{10482557-D536-4440-A482-56C02111B8AD}.Release|iPhone.ActiveCfg = Release|Any CPU
		{10482557-D536-4440-A482-56C02111B8AD}.Release|iPhone.Build.0 = Release|Any CPU
		{10482557-D536-4440-A482-56C02111B8AD}.Release|iPhoneSimulator.ActiveCfg = Release|Any CPU
		{10482557-D536-4440-A482-56C02111B8AD}.Release|iPhoneSimulator.Build.0 = Release|Any CPU
		{10482557-D536-4440-A482-56C02111B8AD}.Release|x64.ActiveCfg = Release|Any CPU
		{10482557-D536-4440-A482-56C02111B8AD}.Release|x64.Build.0 = Release|Any CPU
		{10482557-D536-4440-A482-56C02111B8AD}.Release|x86.ActiveCfg = Release|Any CPU
		{10482557-D536-4440-A482-56C02111B8AD}.Release|x86.Build.0 = Release|Any CPU
		{6969EF33-35E5-4DCC-88BC-983FE417840D}.Ad-Hoc|Any CPU.ActiveCfg = Release|Any CPU
		{6969EF33-35E5-4DCC-88BC-983FE417840D}.Ad-Hoc|Any CPU.Build.0 = Release|Any CPU
		{6969EF33-35E5-4DCC-88BC-983FE417840D}.Ad-Hoc|ARM.ActiveCfg = Release|Any CPU
		{6969EF33-35E5-4DCC-88BC-983FE417840D}.Ad-Hoc|ARM.Build.0 = Release|Any CPU
		{6969EF33-35E5-4DCC-88BC-983FE417840D}.Ad-Hoc|iPhone.ActiveCfg = Release|Any CPU
		{6969EF33-35E5-4DCC-88BC-983FE417840D}.Ad-Hoc|iPhone.Build.0 = Release|Any CPU
		{6969EF33-35E5-4DCC-88BC-983FE417840D}.Ad-Hoc|iPhoneSimulator.ActiveCfg = Release|Any CPU
		{6969EF33-35E5-4DCC-88BC-983FE417840D}.Ad-Hoc|iPhoneSimulator.Build.0 = Release|Any CPU
		{6969EF33-35E5-4DCC-88BC-983FE417840D}.Ad-Hoc|x64.ActiveCfg = Release|Any CPU
		{6969EF33-35E5-4DCC-88BC-983FE417840D}.Ad-Hoc|x64.Build.0 = Release|Any CPU
		{6969EF33-35E5-4DCC-88BC-983FE417840D}.Ad-Hoc|x86.ActiveCfg = Release|Any CPU
		{6969EF33-35E5-4DCC-88BC-983FE417840D}.Ad-Hoc|x86.Build.0 = Release|Any CPU
		{6969EF33-35E5-4DCC-88BC-983FE417840D}.AppStore|Any CPU.ActiveCfg = Release|Any CPU
		{6969EF33-35E5-4DCC-88BC-983FE417840D}.AppStore|Any CPU.Build.0 = Release|Any CPU
		{6969EF33-35E5-4DCC-88BC-983FE417840D}.AppStore|ARM.ActiveCfg = Release|Any CPU
		{6969EF33-35E5-4DCC-88BC-983FE417840D}.AppStore|ARM.Build.0 = Release|Any CPU
		{6969EF33-35E5-4DCC-88BC-983FE417840D}.AppStore|iPhone.ActiveCfg = Release|Any CPU
		{6969EF33-35E5-4DCC-88BC-983FE417840D}.AppStore|iPhone.Build.0 = Release|Any CPU
		{6969EF33-35E5-4DCC-88BC-983FE417840D}.AppStore|iPhoneSimulator.ActiveCfg = Release|Any CPU
		{6969EF33-35E5-4DCC-88BC-983FE417840D}.AppStore|iPhoneSimulator.Build.0 = Release|Any CPU
		{6969EF33-35E5-4DCC-88BC-983FE417840D}.AppStore|x64.ActiveCfg = Release|Any CPU
		{6969EF33-35E5-4DCC-88BC-983FE417840D}.AppStore|x64.Build.0 = Release|Any CPU
		{6969EF33-35E5-4DCC-88BC-983FE417840D}.AppStore|x86.ActiveCfg = Release|Any CPU
		{6969EF33-35E5-4DCC-88BC-983FE417840D}.AppStore|x86.Build.0 = Release|Any CPU
		{6969EF33-35E5-4DCC-88BC-983FE417840D}.Debug|Any CPU.ActiveCfg = Debug|Any CPU
		{6969EF33-35E5-4DCC-88BC-983FE417840D}.Debug|Any CPU.Build.0 = Debug|Any CPU
		{6969EF33-35E5-4DCC-88BC-983FE417840D}.Debug|ARM.ActiveCfg = Debug|Any CPU
		{6969EF33-35E5-4DCC-88BC-983FE417840D}.Debug|ARM.Build.0 = Debug|Any CPU
		{6969EF33-35E5-4DCC-88BC-983FE417840D}.Debug|iPhone.ActiveCfg = Debug|Any CPU
		{6969EF33-35E5-4DCC-88BC-983FE417840D}.Debug|iPhone.Build.0 = Debug|Any CPU
		{6969EF33-35E5-4DCC-88BC-983FE417840D}.Debug|iPhoneSimulator.ActiveCfg = Debug|Any CPU
		{6969EF33-35E5-4DCC-88BC-983FE417840D}.Debug|iPhoneSimulator.Build.0 = Debug|Any CPU
		{6969EF33-35E5-4DCC-88BC-983FE417840D}.Debug|x64.ActiveCfg = Debug|Any CPU
		{6969EF33-35E5-4DCC-88BC-983FE417840D}.Debug|x64.Build.0 = Debug|Any CPU
		{6969EF33-35E5-4DCC-88BC-983FE417840D}.Debug|x86.ActiveCfg = Debug|Any CPU
		{6969EF33-35E5-4DCC-88BC-983FE417840D}.Debug|x86.Build.0 = Debug|Any CPU
		{6969EF33-35E5-4DCC-88BC-983FE417840D}.Release|Any CPU.ActiveCfg = Release|Any CPU
		{6969EF33-35E5-4DCC-88BC-983FE417840D}.Release|Any CPU.Build.0 = Release|Any CPU
		{6969EF33-35E5-4DCC-88BC-983FE417840D}.Release|ARM.ActiveCfg = Release|Any CPU
		{6969EF33-35E5-4DCC-88BC-983FE417840D}.Release|ARM.Build.0 = Release|Any CPU
		{6969EF33-35E5-4DCC-88BC-983FE417840D}.Release|iPhone.ActiveCfg = Release|Any CPU
		{6969EF33-35E5-4DCC-88BC-983FE417840D}.Release|iPhone.Build.0 = Release|Any CPU
		{6969EF33-35E5-4DCC-88BC-983FE417840D}.Release|iPhoneSimulator.ActiveCfg = Release|Any CPU
		{6969EF33-35E5-4DCC-88BC-983FE417840D}.Release|iPhoneSimulator.Build.0 = Release|Any CPU
		{6969EF33-35E5-4DCC-88BC-983FE417840D}.Release|x64.ActiveCfg = Release|Any CPU
		{6969EF33-35E5-4DCC-88BC-983FE417840D}.Release|x64.Build.0 = Release|Any CPU
		{6969EF33-35E5-4DCC-88BC-983FE417840D}.Release|x86.ActiveCfg = Release|Any CPU
		{6969EF33-35E5-4DCC-88BC-983FE417840D}.Release|x86.Build.0 = Release|Any CPU
		{DDB792C1-FF19-41A4-A4DA-3EF0465D10F6}.Ad-Hoc|Any CPU.ActiveCfg = Release|Any CPU
		{DDB792C1-FF19-41A4-A4DA-3EF0465D10F6}.Ad-Hoc|Any CPU.Build.0 = Release|Any CPU
		{DDB792C1-FF19-41A4-A4DA-3EF0465D10F6}.Ad-Hoc|ARM.ActiveCfg = Release|Any CPU
		{DDB792C1-FF19-41A4-A4DA-3EF0465D10F6}.Ad-Hoc|ARM.Build.0 = Release|Any CPU
		{DDB792C1-FF19-41A4-A4DA-3EF0465D10F6}.Ad-Hoc|iPhone.ActiveCfg = Release|Any CPU
		{DDB792C1-FF19-41A4-A4DA-3EF0465D10F6}.Ad-Hoc|iPhone.Build.0 = Release|Any CPU
		{DDB792C1-FF19-41A4-A4DA-3EF0465D10F6}.Ad-Hoc|iPhoneSimulator.ActiveCfg = Release|Any CPU
		{DDB792C1-FF19-41A4-A4DA-3EF0465D10F6}.Ad-Hoc|iPhoneSimulator.Build.0 = Release|Any CPU
		{DDB792C1-FF19-41A4-A4DA-3EF0465D10F6}.Ad-Hoc|x64.ActiveCfg = Release|Any CPU
		{DDB792C1-FF19-41A4-A4DA-3EF0465D10F6}.Ad-Hoc|x64.Build.0 = Release|Any CPU
		{DDB792C1-FF19-41A4-A4DA-3EF0465D10F6}.Ad-Hoc|x86.ActiveCfg = Release|Any CPU
		{DDB792C1-FF19-41A4-A4DA-3EF0465D10F6}.Ad-Hoc|x86.Build.0 = Release|Any CPU
		{DDB792C1-FF19-41A4-A4DA-3EF0465D10F6}.AppStore|Any CPU.ActiveCfg = Release|Any CPU
		{DDB792C1-FF19-41A4-A4DA-3EF0465D10F6}.AppStore|Any CPU.Build.0 = Release|Any CPU
		{DDB792C1-FF19-41A4-A4DA-3EF0465D10F6}.AppStore|ARM.ActiveCfg = Release|Any CPU
		{DDB792C1-FF19-41A4-A4DA-3EF0465D10F6}.AppStore|ARM.Build.0 = Release|Any CPU
		{DDB792C1-FF19-41A4-A4DA-3EF0465D10F6}.AppStore|iPhone.ActiveCfg = Release|Any CPU
		{DDB792C1-FF19-41A4-A4DA-3EF0465D10F6}.AppStore|iPhone.Build.0 = Release|Any CPU
		{DDB792C1-FF19-41A4-A4DA-3EF0465D10F6}.AppStore|iPhoneSimulator.ActiveCfg = Release|Any CPU
		{DDB792C1-FF19-41A4-A4DA-3EF0465D10F6}.AppStore|iPhoneSimulator.Build.0 = Release|Any CPU
		{DDB792C1-FF19-41A4-A4DA-3EF0465D10F6}.AppStore|x64.ActiveCfg = Release|Any CPU
		{DDB792C1-FF19-41A4-A4DA-3EF0465D10F6}.AppStore|x64.Build.0 = Release|Any CPU
		{DDB792C1-FF19-41A4-A4DA-3EF0465D10F6}.AppStore|x86.ActiveCfg = Release|Any CPU
		{DDB792C1-FF19-41A4-A4DA-3EF0465D10F6}.AppStore|x86.Build.0 = Release|Any CPU
		{DDB792C1-FF19-41A4-A4DA-3EF0465D10F6}.Debug|Any CPU.ActiveCfg = Debug|Any CPU
		{DDB792C1-FF19-41A4-A4DA-3EF0465D10F6}.Debug|Any CPU.Build.0 = Debug|Any CPU
		{DDB792C1-FF19-41A4-A4DA-3EF0465D10F6}.Debug|ARM.ActiveCfg = Debug|Any CPU
		{DDB792C1-FF19-41A4-A4DA-3EF0465D10F6}.Debug|ARM.Build.0 = Debug|Any CPU
		{DDB792C1-FF19-41A4-A4DA-3EF0465D10F6}.Debug|iPhone.ActiveCfg = Debug|Any CPU
		{DDB792C1-FF19-41A4-A4DA-3EF0465D10F6}.Debug|iPhone.Build.0 = Debug|Any CPU
		{DDB792C1-FF19-41A4-A4DA-3EF0465D10F6}.Debug|iPhoneSimulator.ActiveCfg = Debug|Any CPU
		{DDB792C1-FF19-41A4-A4DA-3EF0465D10F6}.Debug|iPhoneSimulator.Build.0 = Debug|Any CPU
		{DDB792C1-FF19-41A4-A4DA-3EF0465D10F6}.Debug|x64.ActiveCfg = Debug|Any CPU
		{DDB792C1-FF19-41A4-A4DA-3EF0465D10F6}.Debug|x64.Build.0 = Debug|Any CPU
		{DDB792C1-FF19-41A4-A4DA-3EF0465D10F6}.Debug|x86.ActiveCfg = Debug|Any CPU
		{DDB792C1-FF19-41A4-A4DA-3EF0465D10F6}.Debug|x86.Build.0 = Debug|Any CPU
		{DDB792C1-FF19-41A4-A4DA-3EF0465D10F6}.Release|Any CPU.ActiveCfg = Release|Any CPU
		{DDB792C1-FF19-41A4-A4DA-3EF0465D10F6}.Release|Any CPU.Build.0 = Release|Any CPU
		{DDB792C1-FF19-41A4-A4DA-3EF0465D10F6}.Release|ARM.ActiveCfg = Release|Any CPU
		{DDB792C1-FF19-41A4-A4DA-3EF0465D10F6}.Release|ARM.Build.0 = Release|Any CPU
		{DDB792C1-FF19-41A4-A4DA-3EF0465D10F6}.Release|iPhone.ActiveCfg = Release|Any CPU
		{DDB792C1-FF19-41A4-A4DA-3EF0465D10F6}.Release|iPhone.Build.0 = Release|Any CPU
		{DDB792C1-FF19-41A4-A4DA-3EF0465D10F6}.Release|iPhoneSimulator.ActiveCfg = Release|Any CPU
		{DDB792C1-FF19-41A4-A4DA-3EF0465D10F6}.Release|iPhoneSimulator.Build.0 = Release|Any CPU
		{DDB792C1-FF19-41A4-A4DA-3EF0465D10F6}.Release|x64.ActiveCfg = Release|Any CPU
		{DDB792C1-FF19-41A4-A4DA-3EF0465D10F6}.Release|x64.Build.0 = Release|Any CPU
		{DDB792C1-FF19-41A4-A4DA-3EF0465D10F6}.Release|x86.ActiveCfg = Release|Any CPU
		{DDB792C1-FF19-41A4-A4DA-3EF0465D10F6}.Release|x86.Build.0 = Release|Any CPU
	EndGlobalSection
	GlobalSection(SolutionProperties) = preSolution
		HideSolutionNode = FALSE
	EndGlobalSection
	GlobalSection(ExtensibilityGlobals) = postSolution
		SolutionGuid = {4B501BFE-614F-40E6-950D-2B8A20FF3FC5}
	EndGlobalSection
EndGlobal
